
Microsoft Visual Studio Solution File, Format Version 12.00
# Visual Studio 2017
Project("{FAE04EC0-301F-11D3-BF4B-00C04F79EFBC}") = "Unity MK Task", "Unity MK Task.csproj", "{7C17AB42-200E-7F77-BFCB-AF22A5F04BF4}"
EndProject
Project("{FAE04EC0-301F-11D3-BF4B-00C04F79EFBC}") = "Unity MK Task.Plugins", "Unity MK Task.Plugins.csproj", "{F51EA303-9F3C-CD54-8545-3238550FF30B}"
EndProject
Project("{FAE04EC0-301F-11D3-BF4B-00C04F79EFBC}") = "Unity MK Task.Editor", "Unity MK Task.Editor.csproj", "{F7B56639-B5A0-E499-17F4-575DB1104DD1}"
EndProject
Global
	GlobalSection(SolutionConfigurationPlatforms) = preSolution
		Debug|Any CPU = Debug|Any CPU
		Release|Any CPU = Release|Any CPU
	EndGlobalSection
	GlobalSection(ProjectConfigurationPlatforms) = postSolution
		{7C17AB42-200E-7F77-BFCB-AF22A5F04BF4}.Debug|Any CPU.ActiveCfg = Debug|Any CPU
		{7C17AB42-200E-7F77-BFCB-AF22A5F04BF4}.Debug|Any CPU.Build.0 = Debug|Any CPU
		{7C17AB42-200E-7F77-BFCB-AF22A5F04BF4}.Release|Any CPU.ActiveCfg = Release|Any CPU
		{7C17AB42-200E-7F77-BFCB-AF22A5F04BF4}.Release|Any CPU.Build.0 = Release|Any CPU
		{F51EA303-9F3C-CD54-8545-3238550FF30B}.Debug|Any CPU.ActiveCfg = Debug|Any CPU
		{F51EA303-9F3C-CD54-8545-3238550FF30B}.Debug|Any CPU.Build.0 = Debug|Any CPU
		{F51EA303-9F3C-CD54-8545-3238550FF30B}.Release|Any CPU.ActiveCfg = Release|Any CPU
		{F51EA303-9F3C-CD54-8545-3238550FF30B}.Release|Any CPU.Build.0 = Release|Any CPU
		{F7B56639-B5A0-E499-17F4-575DB1104DD1}.Debug|Any CPU.ActiveCfg = Debug|Any CPU
		{F7B56639-B5A0-E499-17F4-575DB1104DD1}.Debug|Any CPU.Build.0 = Debug|Any CPU
		{F7B56639-B5A0-E499-17F4-575DB1104DD1}.Release|Any CPU.ActiveCfg = Release|Any CPU
		{F7B56639-B5A0-E499-17F4-575DB1104DD1}.Release|Any CPU.Build.0 = Release|Any CPU
	EndGlobalSection
	GlobalSection(SolutionProperties) = preSolution
		HideSolutionNode = FALSE
	EndGlobalSection
EndGlobal
